
Microsoft Visual Studio Solution File, Format Version 12.00
# Visual Studio 15
VisualStudioVersion = 15.0.27428.2015
MinimumVisualStudioVersion = 10.0.40219.1
Project("{FAE04EC0-301F-11D3-BF4B-00C04F79EFBC}") = "dotnetAPI_PRACTICE", "dotnetAPI_PRACTICE\dotnetAPI_PRACTICE.csproj", "{D9748E2B-01BF-4CE1-9603-F92D2E4DCD2D}"
EndProject
Global
	GlobalSection(SolutionConfigurationPlatforms) = preSolution
		Debug|Any CPU = Debug|Any CPU
		Release|Any CPU = Release|Any CPU
	EndGlobalSection
	GlobalSection(ProjectConfigurationPlatforms) = postSolution
		{D9748E2B-01BF-4CE1-9603-F92D2E4DCD2D}.Debug|Any CPU.ActiveCfg = Debug|Any CPU
		{D9748E2B-01BF-4CE1-9603-F92D2E4DCD2D}.Debug|Any CPU.Build.0 = Debug|Any CPU
		{D9748E2B-01BF-4CE1-9603-F92D2E4DCD2D}.Release|Any CPU.ActiveCfg = Release|Any CPU
		{D9748E2B-01BF-4CE1-9603-F92D2E4DCD2D}.Release|Any CPU.Build.0 = Release|Any CPU
	EndGlobalSection
	GlobalSection(SolutionProperties) = preSolution
		HideSolutionNode = FALSE
	EndGlobalSection
	GlobalSection(ExtensibilityGlobals) = postSolution
		SolutionGuid = {FD712719-7777-4294-A9E1-0170A6BD7722}
	EndGlobalSection
EndGlobal
